{
  "name": "example",
  "version": "1.0.0",
  "lockfileVersion": 1,
  "requires": true,
  "dependencies": {
    "@ritley/core": {
      "version": "0.0.1",
      "resolved": "https://registry.npmjs.org/@ritley/core/-/core-0.0.1.tgz",
      "integrity": "sha512-36yxm6cFEnahIpsTpH9rwDor3nal4P0ErCNrnzHojPv17ivFMsS9rDZo2G132Ewk4dd6zdStkmF+tyvTTLHWoA=="
    },
    "@ritley/default-adapter": {
      "version": "0.0.1",
      "resolved": "https://registry.npmjs.org/@ritley/default-adapter/-/default-adapter-0.0.1.tgz",
      "integrity": "sha512-5R/50lpcUaLZuqUok2SQl0tXS61TA+qwqfULZkFOlyUGDNsZmEpHcBCFTRgO3VTendzlVxWaaqnb0FOtsz7MVA==",
      "requires": {
        "@ritley/core": "file:node_modules/@ritley/core"
      },
      "dependencies": {
        "@ritley/core": {
          "version": "file:node_modules/@ritley/core",
          "integrity": "sha512-36yxm6cFEnahIpsTpH9rwDor3nal4P0ErCNrnzHojPv17ivFMsS9rDZo2G132Ewk4dd6zdStkmF+tyvTTLHWoA=="
        }
      }
    }
  }
}
